{
  "name": "map-array",
  "version": "1.0.0",
  "lockfileVersion": 1,
  "requires": true,
  "dependencies": {
    "map-array-tony": {
      "version": "1.0.0",
      "resolved": "https://registry.npmjs.org/map-array-tony/-/map-array-tony-1.0.0.tgz",
      "integrity": "sha512-yGo/NSqrL25Sh0EP0ZirKA9S1c0yibCz8QR9h+07uaj8TnP8iGkJTZdpeD/vec48TbxJdrCXHllNvGP3VYelug=="
    },
    "typescript": {
      "version": "4.0.5",
      "resolved": "https://registry.npm.taobao.org/typescript/download/typescript-4.0.5.tgz",
      "integrity": "sha1-rp3d/RBp8ctb6z7zshcN18EzI4k=",
      "dev": true
    }
  }
}
